
Microsoft Visual Studio Solution File, Format Version 12.00
# Visual Studio 2013
VisualStudioVersion = 12.0.21005.1
MinimumVisualStudioVersion = 10.0.40219.1
Project("{8BC9CEB8-8B4A-11D0-8D11-00A0C91BC942}") = "AlarmCenter", "AlarmCenter\AlarmCenter.vcxproj", "{93325442-008E-4D97-9E48-EBC656B3EEF3}"
EndProject
Project("{8BC9CEB8-8B4A-11D0-8D11-00A0C91BC942}") = "test", "test\test.vcxproj", "{E0E1B3C6-171A-4F91-B894-173C0A698502}"
EndProject
Project("{8BC9CEB8-8B4A-11D0-8D11-00A0C91BC942}") = "ListCtrl", "ListCtrl\ListCtrl.vcxproj", "{3396DEC9-7F08-46B1-A84E-94B38271938D}"
EndProject
Project("{8BC9CEB8-8B4A-11D0-8D11-00A0C91BC942}") = "TestTree", "TestTree\TestTree.vcxproj", "{70002477-F121-430C-8F4C-4872B5F4F591}"
EndProject
Project("{8BC9CEB8-8B4A-11D0-8D11-00A0C91BC942}") = "TestUI", "TestUI\TestUI.vcxproj", "{37FD2106-4B8E-4C0F-B7F6-373552FE67C8}"
EndProject
Project("{8BC9CEB8-8B4A-11D0-8D11-00A0C91BC942}") = "TestBaiduMap", "TestBaiduMap\TestBaiduMap.vcxproj", "{9FF1ABB1-2096-4C2D-BAEA-72FCD46352D2}"
EndProject
Project("{8BC9CEB8-8B4A-11D0-8D11-00A0C91BC942}") = "TestNetmodule", "TestNetmodule\TestNetmodule.vcxproj", "{E71786B2-83FA-492A-A337-0B05DC155665}"
EndProject
Project("{8BC9CEB8-8B4A-11D0-8D11-00A0C91BC942}") = "TestPython", "TestPython\TestPython.vcxproj", "{36E14A8D-7010-488F-9F7A-BB56E7F998FC}"
EndProject
Global
	GlobalSection(SolutionConfigurationPlatforms) = preSolution
		Debug|Win32 = Debug|Win32
		Release|Win32 = Release|Win32
		ReleaseD|Win32 = ReleaseD|Win32
	EndGlobalSection
	GlobalSection(ProjectConfigurationPlatforms) = postSolution
		{93325442-008E-4D97-9E48-EBC656B3EEF3}.Debug|Win32.ActiveCfg = Debug|Win32
		{93325442-008E-4D97-9E48-EBC656B3EEF3}.Debug|Win32.Build.0 = Debug|Win32
		{93325442-008E-4D97-9E48-EBC656B3EEF3}.Release|Win32.ActiveCfg = Release|Win32
		{93325442-008E-4D97-9E48-EBC656B3EEF3}.Release|Win32.Build.0 = Release|Win32
		{93325442-008E-4D97-9E48-EBC656B3EEF3}.Release|Win32.Deploy.0 = Release|Win32
		{93325442-008E-4D97-9E48-EBC656B3EEF3}.ReleaseD|Win32.ActiveCfg = ReleaseD|Win32
		{93325442-008E-4D97-9E48-EBC656B3EEF3}.ReleaseD|Win32.Build.0 = ReleaseD|Win32
		{E0E1B3C6-171A-4F91-B894-173C0A698502}.Debug|Win32.ActiveCfg = Debug|Win32
		{E0E1B3C6-171A-4F91-B894-173C0A698502}.Debug|Win32.Build.0 = Debug|Win32
		{E0E1B3C6-171A-4F91-B894-173C0A698502}.Release|Win32.ActiveCfg = Release|Win32
		{E0E1B3C6-171A-4F91-B894-173C0A698502}.ReleaseD|Win32.ActiveCfg = Release|Win32
		{E0E1B3C6-171A-4F91-B894-173C0A698502}.ReleaseD|Win32.Build.0 = Release|Win32
		{3396DEC9-7F08-46B1-A84E-94B38271938D}.Debug|Win32.ActiveCfg = Debug|Win32
		{3396DEC9-7F08-46B1-A84E-94B38271938D}.Debug|Win32.Build.0 = Debug|Win32
		{3396DEC9-7F08-46B1-A84E-94B38271938D}.Release|Win32.ActiveCfg = Release|Win32
		{3396DEC9-7F08-46B1-A84E-94B38271938D}.ReleaseD|Win32.ActiveCfg = Release|Win32
		{3396DEC9-7F08-46B1-A84E-94B38271938D}.ReleaseD|Win32.Build.0 = Release|Win32
		{70002477-F121-430C-8F4C-4872B5F4F591}.Debug|Win32.ActiveCfg = Debug|Win32
		{70002477-F121-430C-8F4C-4872B5F4F591}.Debug|Win32.Build.0 = Debug|Win32
		{70002477-F121-430C-8F4C-4872B5F4F591}.Release|Win32.ActiveCfg = Release|Win32
		{70002477-F121-430C-8F4C-4872B5F4F591}.ReleaseD|Win32.ActiveCfg = Release|Win32
		{70002477-F121-430C-8F4C-4872B5F4F591}.ReleaseD|Win32.Build.0 = Release|Win32
		{37FD2106-4B8E-4C0F-B7F6-373552FE67C8}.Debug|Win32.ActiveCfg = Debug|Win32
		{37FD2106-4B8E-4C0F-B7F6-373552FE67C8}.Debug|Win32.Build.0 = Debug|Win32
		{37FD2106-4B8E-4C0F-B7F6-373552FE67C8}.Release|Win32.ActiveCfg = Release|Win32
		{37FD2106-4B8E-4C0F-B7F6-373552FE67C8}.ReleaseD|Win32.ActiveCfg = Release|Win32
		{37FD2106-4B8E-4C0F-B7F6-373552FE67C8}.ReleaseD|Win32.Build.0 = Release|Win32
		{9FF1ABB1-2096-4C2D-BAEA-72FCD46352D2}.Debug|Win32.ActiveCfg = Debug|Win32
		{9FF1ABB1-2096-4C2D-BAEA-72FCD46352D2}.Debug|Win32.Build.0 = Debug|Win32
		{9FF1ABB1-2096-4C2D-BAEA-72FCD46352D2}.Release|Win32.ActiveCfg = Release|Win32
		{9FF1ABB1-2096-4C2D-BAEA-72FCD46352D2}.Release|Win32.Build.0 = Release|Win32
		{9FF1ABB1-2096-4C2D-BAEA-72FCD46352D2}.ReleaseD|Win32.ActiveCfg = Release|Win32
		{9FF1ABB1-2096-4C2D-BAEA-72FCD46352D2}.ReleaseD|Win32.Build.0 = Release|Win32
		{E71786B2-83FA-492A-A337-0B05DC155665}.Debug|Win32.ActiveCfg = Debug|Win32
		{E71786B2-83FA-492A-A337-0B05DC155665}.Debug|Win32.Build.0 = Debug|Win32
		{E71786B2-83FA-492A-A337-0B05DC155665}.Release|Win32.ActiveCfg = Release|Win32
		{E71786B2-83FA-492A-A337-0B05DC155665}.Release|Win32.Build.0 = Release|Win32
		{E71786B2-83FA-492A-A337-0B05DC155665}.ReleaseD|Win32.ActiveCfg = Release|Win32
		{E71786B2-83FA-492A-A337-0B05DC155665}.ReleaseD|Win32.Build.0 = Release|Win32
		{36E14A8D-7010-488F-9F7A-BB56E7F998FC}.Debug|Win32.ActiveCfg = Debug|Win32
		{36E14A8D-7010-488F-9F7A-BB56E7F998FC}.Debug|Win32.Build.0 = Debug|Win32
		{36E14A8D-7010-488F-9F7A-BB56E7F998FC}.Release|Win32.ActiveCfg = Release|Win32
		{36E14A8D-7010-488F-9F7A-BB56E7F998FC}.Release|Win32.Build.0 = Release|Win32
		{36E14A8D-7010-488F-9F7A-BB56E7F998FC}.ReleaseD|Win32.ActiveCfg = Release|Win32
		{36E14A8D-7010-488F-9F7A-BB56E7F998FC}.ReleaseD|Win32.Build.0 = Release|Win32
	EndGlobalSection
	GlobalSection(SolutionProperties) = preSolution
		HideSolutionNode = FALSE
	EndGlobalSection
	GlobalSection(Performance) = preSolution
		HasPerformanceSessions = true
	EndGlobalSection
EndGlobal
