
Microsoft Visual Studio Solution File, Format Version 12.00
# Visual Studio 14
VisualStudioVersion = 14.0.23107.0
MinimumVisualStudioVersion = 10.0.40219.1
Project("{8BC9CEB8-8B4A-11D0-8D11-00A0C91BC942}") = "AlarmCenter", "AlarmCenter\AlarmCenter.vcxproj", "{93325442-008E-4D97-9E48-EBC656B3EEF3}"
EndProject
Project("{8BC9CEB8-8B4A-11D0-8D11-00A0C91BC942}") = "test", "test\test.vcxproj", "{E0E1B3C6-171A-4F91-B894-173C0A698502}"
EndProject
Project("{8BC9CEB8-8B4A-11D0-8D11-00A0C91BC942}") = "ListCtrl", "ListCtrl\ListCtrl.vcxproj", "{3396DEC9-7F08-46B1-A84E-94B38271938D}"
EndProject
Project("{8BC9CEB8-8B4A-11D0-8D11-00A0C91BC942}") = "TestTree", "TestTree\TestTree.vcxproj", "{70002477-F121-430C-8F4C-4872B5F4F591}"
EndProject
Project("{8BC9CEB8-8B4A-11D0-8D11-00A0C91BC942}") = "TestUI", "TestUI\TestUI.vcxproj", "{37FD2106-4B8E-4C0F-B7F6-373552FE67C8}"
EndProject
Project("{8BC9CEB8-8B4A-11D0-8D11-00A0C91BC942}") = "TestBaiduMap", "TestBaiduMap\TestBaiduMap.vcxproj", "{9FF1ABB1-2096-4C2D-BAEA-72FCD46352D2}"
EndProject
Project("{8BC9CEB8-8B4A-11D0-8D11-00A0C91BC942}") = "TestNetmodule", "TestNetmodule\TestNetmodule.vcxproj", "{E71786B2-83FA-492A-A337-0B05DC155665}"
EndProject
Project("{8BC9CEB8-8B4A-11D0-8D11-00A0C91BC942}") = "TestPython", "TestPython\TestPython.vcxproj", "{36E14A8D-7010-488F-9F7A-BB56E7F998FC}"
EndProject
Project("{8BC9CEB8-8B4A-11D0-8D11-00A0C91BC942}") = "TestSockOpt", "TestSockOpt\TestSockOpt.vcxproj", "{B80C98B2-6BA3-4146-A736-084EB158E1CB}"
EndProject
Project("{8BC9CEB8-8B4A-11D0-8D11-00A0C91BC942}") = "TestGsmDtu", "TestGsmDtu\TestGsmDtu.vcxproj", "{8F578BFC-78A3-4BD9-AC92-B2B3806EB4B9}"
EndProject
Project("{8BC9CEB8-8B4A-11D0-8D11-00A0C91BC942}") = "BaiduMap", "BaiduMap\BaiduMap.vcxproj", "{69E1CF01-7577-4DF4-928E-2272419C9255}"
EndProject
Project("{8BC9CEB8-8B4A-11D0-8D11-00A0C91BC942}") = "TestCef", "TestCef\TestCef.vcxproj", "{C1385C26-CDE6-431C-AD43-8EF827EF609C}"
EndProject
Project("{8BC9CEB8-8B4A-11D0-8D11-00A0C91BC942}") = "TestWke", "TestWke\TestWke.vcxproj", "{98D6FDBB-AA15-414F-8C24-9886BF501B96}"
EndProject
Project("{8BC9CEB8-8B4A-11D0-8D11-00A0C91BC942}") = "TestMemoryMappedFileSharing", "TestMemoryMappedFileSharing\TestMemoryMappedFileSharing.vcxproj", "{71A0AF9D-E4EE-4531-B664-5DAC5AF90DEA}"
EndProject
Project("{8BC9CEB8-8B4A-11D0-8D11-00A0C91BC942}") = "TestBoostInterProcess", "TestBoostInterProcess\TestBoostInterProcess.vcxproj", "{26A28946-A79E-4AD2-B022-DD1565C403DE}"
EndProject
Project("{8BC9CEB8-8B4A-11D0-8D11-00A0C91BC942}") = "TestStdThread", "TestStdThread\TestStdThread.vcxproj", "{59AFFE33-C3A8-4475-AE6C-577333354897}"
EndProject
Project("{8BC9CEB8-8B4A-11D0-8D11-00A0C91BC942}") = "UnitTest1", "UnitTest1\UnitTest1.vcxproj", "{2E70B6D9-82E0-4280-A19F-B03C1E8554CA}"
EndProject
Global
	GlobalSection(SolutionConfigurationPlatforms) = preSolution
		Debug|Win32 = Debug|Win32
		Debug|x64 = Debug|x64
		Release|Win32 = Release|Win32
		Release|x64 = Release|x64
		ReleaseD|Win32 = ReleaseD|Win32
		ReleaseD|x64 = ReleaseD|x64
	EndGlobalSection
	GlobalSection(ProjectConfigurationPlatforms) = postSolution
		{93325442-008E-4D97-9E48-EBC656B3EEF3}.Debug|Win32.ActiveCfg = Debug|Win32
		{93325442-008E-4D97-9E48-EBC656B3EEF3}.Debug|Win32.Build.0 = Debug|Win32
		{93325442-008E-4D97-9E48-EBC656B3EEF3}.Debug|x64.ActiveCfg = Debug|Win32
		{93325442-008E-4D97-9E48-EBC656B3EEF3}.Release|Win32.ActiveCfg = Release|Win32
		{93325442-008E-4D97-9E48-EBC656B3EEF3}.Release|Win32.Build.0 = Release|Win32
		{93325442-008E-4D97-9E48-EBC656B3EEF3}.Release|Win32.Deploy.0 = Release|Win32
		{93325442-008E-4D97-9E48-EBC656B3EEF3}.Release|x64.ActiveCfg = Release|Win32
		{93325442-008E-4D97-9E48-EBC656B3EEF3}.ReleaseD|Win32.ActiveCfg = ReleaseD|Win32
		{93325442-008E-4D97-9E48-EBC656B3EEF3}.ReleaseD|Win32.Build.0 = ReleaseD|Win32
		{93325442-008E-4D97-9E48-EBC656B3EEF3}.ReleaseD|x64.ActiveCfg = ReleaseD|Win32
		{E0E1B3C6-171A-4F91-B894-173C0A698502}.Debug|Win32.ActiveCfg = Debug|Win32
		{E0E1B3C6-171A-4F91-B894-173C0A698502}.Debug|Win32.Build.0 = Debug|Win32
		{E0E1B3C6-171A-4F91-B894-173C0A698502}.Debug|x64.ActiveCfg = Debug|Win32
		{E0E1B3C6-171A-4F91-B894-173C0A698502}.Release|Win32.ActiveCfg = Release|Win32
		{E0E1B3C6-171A-4F91-B894-173C0A698502}.Release|x64.ActiveCfg = Release|Win32
		{E0E1B3C6-171A-4F91-B894-173C0A698502}.ReleaseD|Win32.ActiveCfg = Release|Win32
		{E0E1B3C6-171A-4F91-B894-173C0A698502}.ReleaseD|Win32.Build.0 = Release|Win32
		{E0E1B3C6-171A-4F91-B894-173C0A698502}.ReleaseD|x64.ActiveCfg = Release|Win32
		{E0E1B3C6-171A-4F91-B894-173C0A698502}.ReleaseD|x64.Build.0 = Release|Win32
		{3396DEC9-7F08-46B1-A84E-94B38271938D}.Debug|Win32.ActiveCfg = Debug|Win32
		{3396DEC9-7F08-46B1-A84E-94B38271938D}.Debug|Win32.Build.0 = Debug|Win32
		{3396DEC9-7F08-46B1-A84E-94B38271938D}.Debug|x64.ActiveCfg = Debug|Win32
		{3396DEC9-7F08-46B1-A84E-94B38271938D}.Release|Win32.ActiveCfg = Release|Win32
		{3396DEC9-7F08-46B1-A84E-94B38271938D}.Release|x64.ActiveCfg = Release|Win32
		{3396DEC9-7F08-46B1-A84E-94B38271938D}.ReleaseD|Win32.ActiveCfg = Release|Win32
		{3396DEC9-7F08-46B1-A84E-94B38271938D}.ReleaseD|Win32.Build.0 = Release|Win32
		{3396DEC9-7F08-46B1-A84E-94B38271938D}.ReleaseD|x64.ActiveCfg = Release|Win32
		{3396DEC9-7F08-46B1-A84E-94B38271938D}.ReleaseD|x64.Build.0 = Release|Win32
		{70002477-F121-430C-8F4C-4872B5F4F591}.Debug|Win32.ActiveCfg = Debug|Win32
		{70002477-F121-430C-8F4C-4872B5F4F591}.Debug|Win32.Build.0 = Debug|Win32
		{70002477-F121-430C-8F4C-4872B5F4F591}.Debug|x64.ActiveCfg = Debug|Win32
		{70002477-F121-430C-8F4C-4872B5F4F591}.Release|Win32.ActiveCfg = Release|Win32
		{70002477-F121-430C-8F4C-4872B5F4F591}.Release|x64.ActiveCfg = Release|Win32
		{70002477-F121-430C-8F4C-4872B5F4F591}.ReleaseD|Win32.ActiveCfg = Release|Win32
		{70002477-F121-430C-8F4C-4872B5F4F591}.ReleaseD|Win32.Build.0 = Release|Win32
		{70002477-F121-430C-8F4C-4872B5F4F591}.ReleaseD|x64.ActiveCfg = Release|Win32
		{70002477-F121-430C-8F4C-4872B5F4F591}.ReleaseD|x64.Build.0 = Release|Win32
		{37FD2106-4B8E-4C0F-B7F6-373552FE67C8}.Debug|Win32.ActiveCfg = Debug|Win32
		{37FD2106-4B8E-4C0F-B7F6-373552FE67C8}.Debug|Win32.Build.0 = Debug|Win32
		{37FD2106-4B8E-4C0F-B7F6-373552FE67C8}.Debug|x64.ActiveCfg = Debug|Win32
		{37FD2106-4B8E-4C0F-B7F6-373552FE67C8}.Release|Win32.ActiveCfg = Release|Win32
		{37FD2106-4B8E-4C0F-B7F6-373552FE67C8}.Release|x64.ActiveCfg = Release|Win32
		{37FD2106-4B8E-4C0F-B7F6-373552FE67C8}.ReleaseD|Win32.ActiveCfg = Release|Win32
		{37FD2106-4B8E-4C0F-B7F6-373552FE67C8}.ReleaseD|Win32.Build.0 = Release|Win32
		{37FD2106-4B8E-4C0F-B7F6-373552FE67C8}.ReleaseD|x64.ActiveCfg = Release|Win32
		{37FD2106-4B8E-4C0F-B7F6-373552FE67C8}.ReleaseD|x64.Build.0 = Release|Win32
		{9FF1ABB1-2096-4C2D-BAEA-72FCD46352D2}.Debug|Win32.ActiveCfg = Debug|Win32
		{9FF1ABB1-2096-4C2D-BAEA-72FCD46352D2}.Debug|Win32.Build.0 = Debug|Win32
		{9FF1ABB1-2096-4C2D-BAEA-72FCD46352D2}.Debug|x64.ActiveCfg = Debug|Win32
		{9FF1ABB1-2096-4C2D-BAEA-72FCD46352D2}.Release|Win32.ActiveCfg = Release|Win32
		{9FF1ABB1-2096-4C2D-BAEA-72FCD46352D2}.Release|Win32.Build.0 = Release|Win32
		{9FF1ABB1-2096-4C2D-BAEA-72FCD46352D2}.Release|x64.ActiveCfg = Release|Win32
		{9FF1ABB1-2096-4C2D-BAEA-72FCD46352D2}.ReleaseD|Win32.ActiveCfg = Release|Win32
		{9FF1ABB1-2096-4C2D-BAEA-72FCD46352D2}.ReleaseD|Win32.Build.0 = Release|Win32
		{9FF1ABB1-2096-4C2D-BAEA-72FCD46352D2}.ReleaseD|x64.ActiveCfg = Release|Win32
		{9FF1ABB1-2096-4C2D-BAEA-72FCD46352D2}.ReleaseD|x64.Build.0 = Release|Win32
		{E71786B2-83FA-492A-A337-0B05DC155665}.Debug|Win32.ActiveCfg = Debug|Win32
		{E71786B2-83FA-492A-A337-0B05DC155665}.Debug|Win32.Build.0 = Debug|Win32
		{E71786B2-83FA-492A-A337-0B05DC155665}.Debug|x64.ActiveCfg = Debug|Win32
		{E71786B2-83FA-492A-A337-0B05DC155665}.Release|Win32.ActiveCfg = Release|Win32
		{E71786B2-83FA-492A-A337-0B05DC155665}.Release|Win32.Build.0 = Release|Win32
		{E71786B2-83FA-492A-A337-0B05DC155665}.Release|x64.ActiveCfg = Release|Win32
		{E71786B2-83FA-492A-A337-0B05DC155665}.ReleaseD|Win32.ActiveCfg = Release|Win32
		{E71786B2-83FA-492A-A337-0B05DC155665}.ReleaseD|Win32.Build.0 = Release|Win32
		{E71786B2-83FA-492A-A337-0B05DC155665}.ReleaseD|x64.ActiveCfg = Release|Win32
		{E71786B2-83FA-492A-A337-0B05DC155665}.ReleaseD|x64.Build.0 = Release|Win32
		{36E14A8D-7010-488F-9F7A-BB56E7F998FC}.Debug|Win32.ActiveCfg = Debug|Win32
		{36E14A8D-7010-488F-9F7A-BB56E7F998FC}.Debug|Win32.Build.0 = Debug|Win32
		{36E14A8D-7010-488F-9F7A-BB56E7F998FC}.Debug|x64.ActiveCfg = Debug|Win32
		{36E14A8D-7010-488F-9F7A-BB56E7F998FC}.Release|Win32.ActiveCfg = Release|Win32
		{36E14A8D-7010-488F-9F7A-BB56E7F998FC}.Release|Win32.Build.0 = Release|Win32
		{36E14A8D-7010-488F-9F7A-BB56E7F998FC}.Release|x64.ActiveCfg = Release|Win32
		{36E14A8D-7010-488F-9F7A-BB56E7F998FC}.ReleaseD|Win32.ActiveCfg = Release|Win32
		{36E14A8D-7010-488F-9F7A-BB56E7F998FC}.ReleaseD|Win32.Build.0 = Release|Win32
		{36E14A8D-7010-488F-9F7A-BB56E7F998FC}.ReleaseD|x64.ActiveCfg = Release|Win32
		{36E14A8D-7010-488F-9F7A-BB56E7F998FC}.ReleaseD|x64.Build.0 = Release|Win32
		{B80C98B2-6BA3-4146-A736-084EB158E1CB}.Debug|Win32.ActiveCfg = Debug|Win32
		{B80C98B2-6BA3-4146-A736-084EB158E1CB}.Debug|Win32.Build.0 = Debug|Win32
		{B80C98B2-6BA3-4146-A736-084EB158E1CB}.Debug|x64.ActiveCfg = Debug|Win32
		{B80C98B2-6BA3-4146-A736-084EB158E1CB}.Release|Win32.ActiveCfg = Release|Win32
		{B80C98B2-6BA3-4146-A736-084EB158E1CB}.Release|Win32.Build.0 = Release|Win32
		{B80C98B2-6BA3-4146-A736-084EB158E1CB}.Release|x64.ActiveCfg = Release|Win32
		{B80C98B2-6BA3-4146-A736-084EB158E1CB}.ReleaseD|Win32.ActiveCfg = Release|Win32
		{B80C98B2-6BA3-4146-A736-084EB158E1CB}.ReleaseD|Win32.Build.0 = Release|Win32
		{B80C98B2-6BA3-4146-A736-084EB158E1CB}.ReleaseD|x64.ActiveCfg = Release|Win32
		{B80C98B2-6BA3-4146-A736-084EB158E1CB}.ReleaseD|x64.Build.0 = Release|Win32
		{8F578BFC-78A3-4BD9-AC92-B2B3806EB4B9}.Debug|Win32.ActiveCfg = Debug|Win32
		{8F578BFC-78A3-4BD9-AC92-B2B3806EB4B9}.Debug|Win32.Build.0 = Debug|Win32
		{8F578BFC-78A3-4BD9-AC92-B2B3806EB4B9}.Debug|x64.ActiveCfg = Debug|Win32
		{8F578BFC-78A3-4BD9-AC92-B2B3806EB4B9}.Release|Win32.ActiveCfg = Release|Win32
		{8F578BFC-78A3-4BD9-AC92-B2B3806EB4B9}.Release|Win32.Build.0 = Release|Win32
		{8F578BFC-78A3-4BD9-AC92-B2B3806EB4B9}.Release|x64.ActiveCfg = Release|Win32
		{8F578BFC-78A3-4BD9-AC92-B2B3806EB4B9}.ReleaseD|Win32.ActiveCfg = Release|Win32
		{8F578BFC-78A3-4BD9-AC92-B2B3806EB4B9}.ReleaseD|Win32.Build.0 = Release|Win32
		{8F578BFC-78A3-4BD9-AC92-B2B3806EB4B9}.ReleaseD|x64.ActiveCfg = Release|Win32
		{8F578BFC-78A3-4BD9-AC92-B2B3806EB4B9}.ReleaseD|x64.Build.0 = Release|Win32
		{69E1CF01-7577-4DF4-928E-2272419C9255}.Debug|Win32.ActiveCfg = Debug|Win32
		{69E1CF01-7577-4DF4-928E-2272419C9255}.Debug|Win32.Build.0 = Debug|Win32
		{69E1CF01-7577-4DF4-928E-2272419C9255}.Debug|x64.ActiveCfg = Debug|Win32
		{69E1CF01-7577-4DF4-928E-2272419C9255}.Release|Win32.ActiveCfg = Release|Win32
		{69E1CF01-7577-4DF4-928E-2272419C9255}.Release|Win32.Build.0 = Release|Win32
		{69E1CF01-7577-4DF4-928E-2272419C9255}.Release|x64.ActiveCfg = Release|Win32
		{69E1CF01-7577-4DF4-928E-2272419C9255}.ReleaseD|Win32.ActiveCfg = Release|Win32
		{69E1CF01-7577-4DF4-928E-2272419C9255}.ReleaseD|Win32.Build.0 = Release|Win32
		{69E1CF01-7577-4DF4-928E-2272419C9255}.ReleaseD|x64.ActiveCfg = Release|Win32
		{69E1CF01-7577-4DF4-928E-2272419C9255}.ReleaseD|x64.Build.0 = Release|Win32
		{C1385C26-CDE6-431C-AD43-8EF827EF609C}.Debug|Win32.ActiveCfg = Debug|Win32
		{C1385C26-CDE6-431C-AD43-8EF827EF609C}.Debug|Win32.Build.0 = Debug|Win32
		{C1385C26-CDE6-431C-AD43-8EF827EF609C}.Debug|x64.ActiveCfg = Debug|Win32
		{C1385C26-CDE6-431C-AD43-8EF827EF609C}.Release|Win32.ActiveCfg = Release|Win32
		{C1385C26-CDE6-431C-AD43-8EF827EF609C}.Release|Win32.Build.0 = Release|Win32
		{C1385C26-CDE6-431C-AD43-8EF827EF609C}.Release|x64.ActiveCfg = Release|Win32
		{C1385C26-CDE6-431C-AD43-8EF827EF609C}.ReleaseD|Win32.ActiveCfg = Release|Win32
		{C1385C26-CDE6-431C-AD43-8EF827EF609C}.ReleaseD|Win32.Build.0 = Release|Win32
		{C1385C26-CDE6-431C-AD43-8EF827EF609C}.ReleaseD|x64.ActiveCfg = Release|Win32
		{C1385C26-CDE6-431C-AD43-8EF827EF609C}.ReleaseD|x64.Build.0 = Release|Win32
		{98D6FDBB-AA15-414F-8C24-9886BF501B96}.Debug|Win32.ActiveCfg = Debug|Win32
		{98D6FDBB-AA15-414F-8C24-9886BF501B96}.Debug|Win32.Build.0 = Debug|Win32
		{98D6FDBB-AA15-414F-8C24-9886BF501B96}.Debug|x64.ActiveCfg = Debug|Win32
		{98D6FDBB-AA15-414F-8C24-9886BF501B96}.Release|Win32.ActiveCfg = Release|Win32
		{98D6FDBB-AA15-414F-8C24-9886BF501B96}.Release|Win32.Build.0 = Release|Win32
		{98D6FDBB-AA15-414F-8C24-9886BF501B96}.Release|x64.ActiveCfg = Release|Win32
		{98D6FDBB-AA15-414F-8C24-9886BF501B96}.ReleaseD|Win32.ActiveCfg = Release|Win32
		{98D6FDBB-AA15-414F-8C24-9886BF501B96}.ReleaseD|Win32.Build.0 = Release|Win32
		{98D6FDBB-AA15-414F-8C24-9886BF501B96}.ReleaseD|x64.ActiveCfg = Release|Win32
		{98D6FDBB-AA15-414F-8C24-9886BF501B96}.ReleaseD|x64.Build.0 = Release|Win32
		{71A0AF9D-E4EE-4531-B664-5DAC5AF90DEA}.Debug|Win32.ActiveCfg = Debug|Win32
		{71A0AF9D-E4EE-4531-B664-5DAC5AF90DEA}.Debug|Win32.Build.0 = Debug|Win32
		{71A0AF9D-E4EE-4531-B664-5DAC5AF90DEA}.Debug|x64.ActiveCfg = Debug|Win32
		{71A0AF9D-E4EE-4531-B664-5DAC5AF90DEA}.Release|Win32.ActiveCfg = Release|Win32
		{71A0AF9D-E4EE-4531-B664-5DAC5AF90DEA}.Release|Win32.Build.0 = Release|Win32
		{71A0AF9D-E4EE-4531-B664-5DAC5AF90DEA}.Release|x64.ActiveCfg = Release|Win32
		{71A0AF9D-E4EE-4531-B664-5DAC5AF90DEA}.ReleaseD|Win32.ActiveCfg = Release|Win32
		{71A0AF9D-E4EE-4531-B664-5DAC5AF90DEA}.ReleaseD|Win32.Build.0 = Release|Win32
		{71A0AF9D-E4EE-4531-B664-5DAC5AF90DEA}.ReleaseD|x64.ActiveCfg = Release|Win32
		{71A0AF9D-E4EE-4531-B664-5DAC5AF90DEA}.ReleaseD|x64.Build.0 = Release|Win32
		{26A28946-A79E-4AD2-B022-DD1565C403DE}.Debug|Win32.ActiveCfg = Debug|Win32
		{26A28946-A79E-4AD2-B022-DD1565C403DE}.Debug|Win32.Build.0 = Debug|Win32
		{26A28946-A79E-4AD2-B022-DD1565C403DE}.Debug|x64.ActiveCfg = Debug|Win32
		{26A28946-A79E-4AD2-B022-DD1565C403DE}.Release|Win32.ActiveCfg = Release|Win32
		{26A28946-A79E-4AD2-B022-DD1565C403DE}.Release|Win32.Build.0 = Release|Win32
		{26A28946-A79E-4AD2-B022-DD1565C403DE}.Release|x64.ActiveCfg = Release|Win32
		{26A28946-A79E-4AD2-B022-DD1565C403DE}.ReleaseD|Win32.ActiveCfg = Release|Win32
		{26A28946-A79E-4AD2-B022-DD1565C403DE}.ReleaseD|Win32.Build.0 = Release|Win32
		{26A28946-A79E-4AD2-B022-DD1565C403DE}.ReleaseD|x64.ActiveCfg = Release|Win32
		{26A28946-A79E-4AD2-B022-DD1565C403DE}.ReleaseD|x64.Build.0 = Release|Win32
		{59AFFE33-C3A8-4475-AE6C-577333354897}.Debug|Win32.ActiveCfg = Debug|Win32
		{59AFFE33-C3A8-4475-AE6C-577333354897}.Debug|Win32.Build.0 = Debug|Win32
		{59AFFE33-C3A8-4475-AE6C-577333354897}.Debug|x64.ActiveCfg = Debug|x64
		{59AFFE33-C3A8-4475-AE6C-577333354897}.Debug|x64.Build.0 = Debug|x64
		{59AFFE33-C3A8-4475-AE6C-577333354897}.Release|Win32.ActiveCfg = Release|Win32
		{59AFFE33-C3A8-4475-AE6C-577333354897}.Release|Win32.Build.0 = Release|Win32
		{59AFFE33-C3A8-4475-AE6C-577333354897}.Release|x64.ActiveCfg = Release|x64
		{59AFFE33-C3A8-4475-AE6C-577333354897}.Release|x64.Build.0 = Release|x64
		{59AFFE33-C3A8-4475-AE6C-577333354897}.ReleaseD|Win32.ActiveCfg = Release|Win32
		{59AFFE33-C3A8-4475-AE6C-577333354897}.ReleaseD|Win32.Build.0 = Release|Win32
		{59AFFE33-C3A8-4475-AE6C-577333354897}.ReleaseD|x64.ActiveCfg = Release|x64
		{59AFFE33-C3A8-4475-AE6C-577333354897}.ReleaseD|x64.Build.0 = Release|x64
		{2E70B6D9-82E0-4280-A19F-B03C1E8554CA}.Debug|Win32.ActiveCfg = Debug|Win32
		{2E70B6D9-82E0-4280-A19F-B03C1E8554CA}.Debug|Win32.Build.0 = Debug|Win32
		{2E70B6D9-82E0-4280-A19F-B03C1E8554CA}.Debug|x64.ActiveCfg = Debug|x64
		{2E70B6D9-82E0-4280-A19F-B03C1E8554CA}.Debug|x64.Build.0 = Debug|x64
		{2E70B6D9-82E0-4280-A19F-B03C1E8554CA}.Release|Win32.ActiveCfg = Release|Win32
		{2E70B6D9-82E0-4280-A19F-B03C1E8554CA}.Release|Win32.Build.0 = Release|Win32
		{2E70B6D9-82E0-4280-A19F-B03C1E8554CA}.Release|x64.ActiveCfg = Release|x64
		{2E70B6D9-82E0-4280-A19F-B03C1E8554CA}.Release|x64.Build.0 = Release|x64
		{2E70B6D9-82E0-4280-A19F-B03C1E8554CA}.ReleaseD|Win32.ActiveCfg = Release|Win32
		{2E70B6D9-82E0-4280-A19F-B03C1E8554CA}.ReleaseD|Win32.Build.0 = Release|Win32
		{2E70B6D9-82E0-4280-A19F-B03C1E8554CA}.ReleaseD|x64.ActiveCfg = Release|x64
		{2E70B6D9-82E0-4280-A19F-B03C1E8554CA}.ReleaseD|x64.Build.0 = Release|x64
	EndGlobalSection
	GlobalSection(SolutionProperties) = preSolution
		HideSolutionNode = FALSE
	EndGlobalSection
EndGlobal
