<?xml version="1.0" encoding="utf-8"?>
<Project ToolsVersion="4.0" xmlns="http://schemas.microsoft.com/developer/msbuild/2003">
  <ItemGroup>
    <Filter Include="Source Files">
      <UniqueIdentifier>{4FC737F1-C7A5-4376-A066-2A32D752A2FF}</UniqueIdentifier>
      <Extensions>cpp;c;cc;cxx;def;odl;idl;hpj;bat;asm;asmx</Extensions>
    </Filter>
    <Filter Include="Header Files">
      <UniqueIdentifier>{93995380-89BD-4b04-88EB-625FBE52EBFB}</UniqueIdentifier>
      <Extensions>h;hh;hpp;hxx;hm;inl;inc;xsd</Extensions>
    </Filter>
    <Filter Include="Resource Files">
      <UniqueIdentifier>{67DA6AB6-F800-4c08-8B7A-83BB121AAD01}</UniqueIdentifier>
      <Extensions>rc;ico;cur;bmp;dlg;rc2;rct;bin;rgs;gif;jpg;jpeg;jpe;resx;tiff;tif;png;wav;mfcribbon-ms</Extensions>
    </Filter>
    <Filter Include="json">
      <UniqueIdentifier>{94143829-f986-49de-aa3a-420519cc7f07}</UniqueIdentifier>
    </Filter>
    <Filter Include="sqlitecpp">
      <UniqueIdentifier>{1f909a90-400f-4997-8b4b-52267cb67781}</UniqueIdentifier>
    </Filter>
  </ItemGroup>
  <ItemGroup>
    <Text Include="ReadMe.txt" />
  </ItemGroup>
  <ItemGroup>
    <ClInclude Include="AlarmCenterUpdateTool.h">
      <Filter>Header Files</Filter>
    </ClInclude>
    <ClInclude Include="AlarmCenterUpdateToolDlg.h">
      <Filter>Header Files</Filter>
    </ClInclude>
    <ClInclude Include="stdafx.h">
      <Filter>Header Files</Filter>
    </ClInclude>
    <ClInclude Include="targetver.h">
      <Filter>Header Files</Filter>
    </ClInclude>
    <ClInclude Include="Resource.h">
      <Filter>Header Files</Filter>
    </ClInclude>
    <ClInclude Include="..\json\json.h">
      <Filter>json</Filter>
    </ClInclude>
    <ClInclude Include="ConfigBase.h">
      <Filter>Header Files</Filter>
    </ClInclude>
    <ClInclude Include="update_tool.h">
      <Filter>Header Files</Filter>
    </ClInclude>
    <ClInclude Include="ado2.h">
      <Filter>Header Files</Filter>
    </ClInclude>
    <ClInclude Include="DbOper.h">
      <Filter>Header Files</Filter>
    </ClInclude>
    <ClInclude Include="sqlitecpp\SQLiteCpp.h">
      <Filter>sqlitecpp</Filter>
    </ClInclude>
  </ItemGroup>
  <ItemGroup>
    <ClCompile Include="AlarmCenterUpdateTool.cpp">
      <Filter>Source Files</Filter>
    </ClCompile>
    <ClCompile Include="AlarmCenterUpdateToolDlg.cpp">
      <Filter>Source Files</Filter>
    </ClCompile>
    <ClCompile Include="stdafx.cpp">
      <Filter>Source Files</Filter>
    </ClCompile>
    <ClCompile Include="..\json\json_reader.cpp">
      <Filter>json</Filter>
    </ClCompile>
    <ClCompile Include="..\json\json_value.cpp">
      <Filter>json</Filter>
    </ClCompile>
    <ClCompile Include="..\json\json_writer.cpp">
      <Filter>json</Filter>
    </ClCompile>
    <ClCompile Include="ConfigBase.cpp">
      <Filter>Source Files</Filter>
    </ClCompile>
    <ClCompile Include="update_tool.cpp">
      <Filter>Source Files</Filter>
    </ClCompile>
    <ClCompile Include="ado2.cpp">
      <Filter>Source Files</Filter>
    </ClCompile>
    <ClCompile Include="DbOper.cpp">
      <Filter>Source Files</Filter>
    </ClCompile>
    <ClCompile Include="sqlitecpp\Backup.cpp">
      <Filter>sqlitecpp</Filter>
    </ClCompile>
    <ClCompile Include="sqlitecpp\Column.cpp">
      <Filter>sqlitecpp</Filter>
    </ClCompile>
    <ClCompile Include="sqlitecpp\Database.cpp">
      <Filter>sqlitecpp</Filter>
    </ClCompile>
    <ClCompile Include="sqlitecpp\sqlite3.cpp">
      <Filter>sqlitecpp</Filter>
    </ClCompile>
    <ClCompile Include="sqlitecpp\Statement.cpp">
      <Filter>sqlitecpp</Filter>
    </ClCompile>
    <ClCompile Include="sqlitecpp\Transaction.cpp">
      <Filter>sqlitecpp</Filter>
    </ClCompile>
  </ItemGroup>
  <ItemGroup>
    <ResourceCompile Include="AlarmCenterUpdateTool.rc">
      <Filter>Resource Files</Filter>
    </ResourceCompile>
  </ItemGroup>
  <ItemGroup>
    <None Include="res\AlarmCenterUpdateTool.rc2">
      <Filter>Resource Files</Filter>
    </None>
  </ItemGroup>
  <ItemGroup>
    <Image Include="res\AlarmCenterUpdateTool.ico">
      <Filter>Resource Files</Filter>
    </Image>
  </ItemGroup>
</Project>