<?xml version="1.0" encoding="utf-8"?>
<Project ToolsVersion="4.0" xmlns="http://schemas.microsoft.com/developer/msbuild/2003">
  <ItemGroup>
    <Filter Include="Source Files">
      <UniqueIdentifier>{4FC737F1-C7A5-4376-A066-2A32D752A2FF}</UniqueIdentifier>
      <Extensions>cpp;c;cc;cxx;def;odl;idl;hpj;bat;asm;asmx</Extensions>
    </Filter>
    <Filter Include="Header Files">
      <UniqueIdentifier>{93995380-89BD-4b04-88EB-625FBE52EBFB}</UniqueIdentifier>
      <Extensions>h;hh;hpp;hxx;hm;inl;inc;xsd</Extensions>
    </Filter>
    <Filter Include="Resource Files">
      <UniqueIdentifier>{67DA6AB6-F800-4c08-8B7A-83BB121AAD01}</UniqueIdentifier>
      <Extensions>rc;ico;cur;bmp;dlg;rc2;rct;bin;rgs;gif;jpg;jpeg;jpe;resx;tiff;tif;png;wav;mfcribbon-ms</Extensions>
    </Filter>
    <Filter Include="grid">
      <UniqueIdentifier>{33f29ded-c7a4-425c-b735-8efd4f7e61a1}</UniqueIdentifier>
    </Filter>
  </ItemGroup>
  <ItemGroup>
    <Text Include="ReadMe.txt" />
  </ItemGroup>
  <ItemGroup>
    <ClInclude Include="TestGridCtrl.h">
      <Filter>Header Files</Filter>
    </ClInclude>
    <ClInclude Include="TestGridCtrlDlg.h">
      <Filter>Header Files</Filter>
    </ClInclude>
    <ClInclude Include="stdafx.h">
      <Filter>Header Files</Filter>
    </ClInclude>
    <ClInclude Include="targetver.h">
      <Filter>Header Files</Filter>
    </ClInclude>
    <ClInclude Include="Resource.h">
      <Filter>Header Files</Filter>
    </ClInclude>
    <ClInclude Include="..\AlarmCenter\GridCtrl_src\CellRange.h">
      <Filter>grid</Filter>
    </ClInclude>
    <ClInclude Include="..\AlarmCenter\GridCtrl_src\GMemDC.h">
      <Filter>grid</Filter>
    </ClInclude>
    <ClInclude Include="..\AlarmCenter\GridCtrl_src\GridCell.h">
      <Filter>grid</Filter>
    </ClInclude>
    <ClInclude Include="..\AlarmCenter\GridCtrl_src\GridCellBase.h">
      <Filter>grid</Filter>
    </ClInclude>
    <ClInclude Include="..\AlarmCenter\GridCtrl_src\GridCtrl.h">
      <Filter>grid</Filter>
    </ClInclude>
    <ClInclude Include="..\AlarmCenter\GridCtrl_src\GridDropTarget.h">
      <Filter>grid</Filter>
    </ClInclude>
    <ClInclude Include="..\AlarmCenter\GridCtrl_src\InPlaceEdit.h">
      <Filter>grid</Filter>
    </ClInclude>
    <ClInclude Include="..\AlarmCenter\GridCtrl_src\TitleTip.h">
      <Filter>grid</Filter>
    </ClInclude>
  </ItemGroup>
  <ItemGroup>
    <ClCompile Include="TestGridCtrl.cpp">
      <Filter>Source Files</Filter>
    </ClCompile>
    <ClCompile Include="TestGridCtrlDlg.cpp">
      <Filter>Source Files</Filter>
    </ClCompile>
    <ClCompile Include="stdafx.cpp">
      <Filter>Source Files</Filter>
    </ClCompile>
    <ClCompile Include="..\AlarmCenter\GridCtrl_src\GridCell.cpp">
      <Filter>grid</Filter>
    </ClCompile>
    <ClCompile Include="..\AlarmCenter\GridCtrl_src\GridCellBase.cpp">
      <Filter>grid</Filter>
    </ClCompile>
    <ClCompile Include="..\AlarmCenter\GridCtrl_src\GridCtrl.cpp">
      <Filter>grid</Filter>
    </ClCompile>
    <ClCompile Include="..\AlarmCenter\GridCtrl_src\GridDropTarget.cpp">
      <Filter>grid</Filter>
    </ClCompile>
    <ClCompile Include="..\AlarmCenter\GridCtrl_src\InPlaceEdit.cpp">
      <Filter>grid</Filter>
    </ClCompile>
    <ClCompile Include="..\AlarmCenter\GridCtrl_src\TitleTip.cpp">
      <Filter>grid</Filter>
    </ClCompile>
  </ItemGroup>
  <ItemGroup>
    <ResourceCompile Include="TestGridCtrl.rc">
      <Filter>Resource Files</Filter>
    </ResourceCompile>
  </ItemGroup>
  <ItemGroup>
    <None Include="res\TestGridCtrl.rc2">
      <Filter>Resource Files</Filter>
    </None>
  </ItemGroup>
  <ItemGroup>
    <Image Include="res\TestGridCtrl.ico">
      <Filter>Resource Files</Filter>
    </Image>
  </ItemGroup>
</Project>