<?xml version="1.0" encoding="utf-8"?>
<Project ToolsVersion="4.0" xmlns="http://schemas.microsoft.com/developer/msbuild/2003">
  <ItemGroup>
    <Filter Include="Source Files">
      <UniqueIdentifier>{4FC737F1-C7A5-4376-A066-2A32D752A2FF}</UniqueIdentifier>
      <Extensions>cpp;c;cc;cxx;def;odl;idl;hpj;bat;asm;asmx</Extensions>
    </Filter>
    <Filter Include="Header Files">
      <UniqueIdentifier>{93995380-89BD-4b04-88EB-625FBE52EBFB}</UniqueIdentifier>
      <Extensions>h;hh;hpp;hxx;hm;inl;inc;xsd</Extensions>
    </Filter>
    <Filter Include="Resource Files">
      <UniqueIdentifier>{67DA6AB6-F800-4c08-8B7A-83BB121AAD01}</UniqueIdentifier>
      <Extensions>rc;ico;cur;bmp;dlg;rc2;rct;bin;rgs;gif;jpg;jpeg;jpe;resx;tiff;tif;png;wav;mfcribbon-ms</Extensions>
    </Filter>
    <Filter Include="ipc">
      <UniqueIdentifier>{f76e7276-f4e2-448e-8624-310ab93dc38d}</UniqueIdentifier>
    </Filter>
    <Filter Include="res">
      <UniqueIdentifier>{e75d21ba-a0b1-4f64-91eb-f40bb9f1ae6c}</UniqueIdentifier>
    </Filter>
    <Filter Include="json">
      <UniqueIdentifier>{5cb34f55-baae-46c5-b640-70cceeb22778}</UniqueIdentifier>
    </Filter>
    <Filter Include="video">
      <UniqueIdentifier>{05834d3a-0f6d-480d-8bc2-2fa03e2a6401}</UniqueIdentifier>
    </Filter>
    <Filter Include="video\jov">
      <UniqueIdentifier>{fb17907d-f696-48c4-8d11-086e739aa0a5}</UniqueIdentifier>
    </Filter>
    <Filter Include="ui">
      <UniqueIdentifier>{74875b1c-bfe2-476c-aedd-829a6b82af52}</UniqueIdentifier>
    </Filter>
    <Filter Include="video\ezviz">
      <UniqueIdentifier>{230a5f19-aef7-45b0-8a59-68a59ff61eb5}</UniqueIdentifier>
    </Filter>
    <Filter Include="ui\common">
      <UniqueIdentifier>{7d7c1c01-c244-40c7-81dc-a05aca77f0d4}</UniqueIdentifier>
    </Filter>
    <Filter Include="ui\video">
      <UniqueIdentifier>{a05f68f0-f8b8-4746-af95-b922a229c654}</UniqueIdentifier>
    </Filter>
  </ItemGroup>
  <ItemGroup>
    <Text Include="ReadMe.txt" />
  </ItemGroup>
  <ItemGroup>
    <ClInclude Include="AlarmCenterVideo.h">
      <Filter>Header Files</Filter>
    </ClInclude>
    <ClInclude Include="AlarmCenterVideoDlg.h">
      <Filter>Header Files</Filter>
    </ClInclude>
    <ClInclude Include="stdafx.h">
      <Filter>Header Files</Filter>
    </ClInclude>
    <ClInclude Include="targetver.h">
      <Filter>Header Files</Filter>
    </ClInclude>
    <ClInclude Include="Resource.h">
      <Filter>Header Files</Filter>
    </ClInclude>
    <ClInclude Include="..\rpc\alarm_center_video.grpc.pb.h">
      <Filter>ipc</Filter>
    </ClInclude>
    <ClInclude Include="..\rpc\alarm_center_video.pb.h">
      <Filter>ipc</Filter>
    </ClInclude>
    <ClInclude Include="alarm_center_video_client.h">
      <Filter>ipc</Filter>
    </ClInclude>
    <ClInclude Include="..\AlarmCenter\res.h">
      <Filter>res</Filter>
    </ClInclude>
    <ClInclude Include="..\AlarmCenter\string_table.h">
      <Filter>res</Filter>
    </ClInclude>
    <ClInclude Include="ConfigHelper.h">
      <Filter>Header Files</Filter>
    </ClInclude>
    <ClInclude Include="..\json\json.h">
      <Filter>json</Filter>
    </ClInclude>
    <ClInclude Include="JovisonSdkMgr.h">
      <Filter>video\jov</Filter>
    </ClInclude>
    <ClInclude Include="PrivateCloudConnector.h">
      <Filter>video\ezviz</Filter>
    </ClInclude>
    <ClInclude Include="SdkMgrEzviz.h">
      <Filter>video\ezviz</Filter>
    </ClInclude>
    <ClInclude Include="VideoUserManagerDlg.h">
      <Filter>video\ezviz</Filter>
    </ClInclude>
    <ClInclude Include="AddVideoDeviceJovisionDlg.h">
      <Filter>ui</Filter>
    </ClInclude>
    <ClInclude Include="AddVideoUserEzvizDlg.h">
      <Filter>ui</Filter>
    </ClInclude>
    <ClInclude Include="AddVideoUserJovisionDlg.h">
      <Filter>ui</Filter>
    </ClInclude>
    <ClInclude Include="AddVideoUserProgressDlg.h">
      <Filter>ui</Filter>
    </ClInclude>
    <ClInclude Include="VideoPlayerCtrl.h">
      <Filter>ui</Filter>
    </ClInclude>
    <ClInclude Include="VideoPlayerDlg.h">
      <Filter>ui</Filter>
    </ClInclude>
    <ClInclude Include="VideoRecordPlayerDlg.h">
      <Filter>ui</Filter>
    </ClInclude>
  </ItemGroup>
  <ItemGroup>
    <ClCompile Include="AlarmCenterVideo.cpp">
      <Filter>Source Files</Filter>
    </ClCompile>
    <ClCompile Include="AlarmCenterVideoDlg.cpp">
      <Filter>Source Files</Filter>
    </ClCompile>
    <ClCompile Include="stdafx.cpp">
      <Filter>Source Files</Filter>
    </ClCompile>
    <ClCompile Include="..\rpc\alarm_center_video.grpc.pb.cc">
      <Filter>ipc</Filter>
    </ClCompile>
    <ClCompile Include="..\rpc\alarm_center_video.pb.cc">
      <Filter>ipc</Filter>
    </ClCompile>
    <ClCompile Include="alarm_center_video_client.cpp">
      <Filter>ipc</Filter>
    </ClCompile>
    <ClCompile Include="..\AlarmCenter\res.cpp">
      <Filter>res</Filter>
    </ClCompile>
    <ClCompile Include="ConfigHelper.cpp">
      <Filter>Source Files</Filter>
    </ClCompile>
    <ClCompile Include="..\json\json_reader.cpp">
      <Filter>json</Filter>
    </ClCompile>
    <ClCompile Include="..\json\json_value.cpp">
      <Filter>json</Filter>
    </ClCompile>
    <ClCompile Include="..\json\json_writer.cpp">
      <Filter>json</Filter>
    </ClCompile>
    <ClCompile Include="JovisonSdkMgr.cpp">
      <Filter>video\jov</Filter>
    </ClCompile>
    <ClCompile Include="..\AlarmCenter\ListBoxEx.cpp">
      <Filter>ui</Filter>
    </ClCompile>
    <ClCompile Include="..\AlarmCenter\InputDeviceVerifyCodeDlg.cpp">
      <Filter>ui</Filter>
    </ClCompile>
    <ClCompile Include="..\AlarmCenter\InputDlg.cpp">
      <Filter>ui</Filter>
    </ClCompile>
    <ClCompile Include="PrivateCloudConnector.cpp">
      <Filter>video\ezviz</Filter>
    </ClCompile>
    <ClCompile Include="SdkMgrEzviz.cpp">
      <Filter>video\ezviz</Filter>
    </ClCompile>
    <ClCompile Include="VideoUserManagerDlg.cpp">
      <Filter>video\ezviz</Filter>
    </ClCompile>
    <ClCompile Include="AddVideoDeviceJovisionDlg.cpp">
      <Filter>ui</Filter>
    </ClCompile>
    <ClCompile Include="AddVideoUserEzvizDlg.cpp">
      <Filter>ui</Filter>
    </ClCompile>
    <ClCompile Include="AddVideoUserJovisionDlg.cpp">
      <Filter>ui</Filter>
    </ClCompile>
    <ClCompile Include="AddVideoUserProgressDlg.cpp">
      <Filter>ui</Filter>
    </ClCompile>
    <ClCompile Include="VideoPlayerDlg.cpp">
      <Filter>ui</Filter>
    </ClCompile>
    <ClCompile Include="VideoRecordPlayerDlg.cpp">
      <Filter>ui</Filter>
    </ClCompile>
    <ClCompile Include="VideoPlayerCtrl.cpp">
      <Filter>ui</Filter>
    </ClCompile>
  </ItemGroup>
  <ItemGroup>
    <ResourceCompile Include="AlarmCenterVideo.rc">
      <Filter>Resource Files</Filter>
    </ResourceCompile>
  </ItemGroup>
  <ItemGroup>
    <None Include="res\AlarmCenterVideo.rc2">
      <Filter>Resource Files</Filter>
    </None>
  </ItemGroup>
  <ItemGroup>
    <Image Include="res\AlarmCenterVideo.ico">
      <Filter>Resource Files</Filter>
    </Image>
  </ItemGroup>
</Project>