<?xml version="1.0" encoding="utf-8"?>
<Project ToolsVersion="4.0" xmlns="http://schemas.microsoft.com/developer/msbuild/2003">
  <ItemGroup>
    <ClCompile Include="AlarmCenter.cpp" />
    <ClCompile Include="stdafx.cpp" />
    <ClCompile Include="ado2.cpp">
      <Filter>ado</Filter>
    </ClCompile>
    <ClCompile Include="AlarmMachine.cpp">
      <Filter>core</Filter>
    </ClCompile>
    <ClCompile Include="MapInfo.cpp">
      <Filter>core</Filter>
    </ClCompile>
    <ClCompile Include="AlarmMachineManager.cpp">
      <Filter>core</Filter>
    </ClCompile>
    <ClCompile Include="Client.cpp">
      <Filter>net</Filter>
    </ClCompile>
    <ClCompile Include="Server.cpp">
      <Filter>net</Filter>
    </ClCompile>
    <ClCompile Include="ServerService.cpp">
      <Filter>net</Filter>
    </ClCompile>
    <ClCompile Include="NetworkConnector.cpp">
      <Filter>net</Filter>
    </ClCompile>
    <ClCompile Include="imagin\Timer.cpp">
      <Filter>imagin</Filter>
    </ClCompile>
    <ClCompile Include="AlarmMachineContainer.cpp">
      <Filter>core</Filter>
    </ClCompile>
    <ClCompile Include="DetectorInfo.cpp">
      <Filter>core</Filter>
    </ClCompile>
    <ClCompile Include="DetectorLib.cpp">
      <Filter>core</Filter>
    </ClCompile>
    <ClCompile Include="HistoryRecord.cpp">
      <Filter>core</Filter>
    </ClCompile>
    <ClCompile Include="ZoneInfo.cpp">
      <Filter>core</Filter>
    </ClCompile>
    <ClCompile Include="ademco_func.cpp">
      <Filter>ademco</Filter>
    </ClCompile>
    <ClCompile Include="BmpEx.cpp">
      <Filter>gui\control</Filter>
    </ClCompile>
    <ClCompile Include="BtnST.cpp">
      <Filter>gui\control</Filter>
    </ClCompile>
    <ClCompile Include="DIB.CPP">
      <Filter>gui\control</Filter>
    </ClCompile>
    <ClCompile Include="ScrollHelper.cpp">
      <Filter>gui\control</Filter>
    </ClCompile>
    <ClCompile Include="StaticBmp.cpp">
      <Filter>gui\control</Filter>
    </ClCompile>
    <ClCompile Include="StaticEx.cpp">
      <Filter>gui\control</Filter>
    </ClCompile>
    <ClCompile Include="tinyxml\tinystr.cpp">
      <Filter>tinyxml</Filter>
    </ClCompile>
    <ClCompile Include="tinyxml\tinyxml.cpp">
      <Filter>tinyxml</Filter>
    </ClCompile>
    <ClCompile Include="tinyxml\tinyxmlerror.cpp">
      <Filter>tinyxml</Filter>
    </ClCompile>
    <ClCompile Include="tinyxml\tinyxmlparser.cpp">
      <Filter>tinyxml</Filter>
    </ClCompile>
    <ClCompile Include="MFCButtonEx.cpp">
      <Filter>gui\control</Filter>
    </ClCompile>
    <ClCompile Include="Coordinate.cpp">
      <Filter>gui\control</Filter>
    </ClCompile>
    <ClCompile Include="aarot.cpp">
      <Filter>gui\control</Filter>
    </ClCompile>
    <ClCompile Include="AppResource.cpp" />
    <ClCompile Include="ConfigHelper.cpp">
      <Filter>util</Filter>
    </ClCompile>
    <ClCompile Include="md5.cpp">
      <Filter>util</Filter>
    </ClCompile>
    <ClCompile Include="UserInfo.cpp">
      <Filter>core</Filter>
    </ClCompile>
    <ClCompile Include="GroupInfo.cpp">
      <Filter>core</Filter>
    </ClCompile>
    <ClCompile Include="AddMachineDlg.cpp">
      <Filter>gui\dialog</Filter>
    </ClCompile>
    <ClCompile Include="AlarmCenterDlg.cpp">
      <Filter>gui\dialog</Filter>
    </ClCompile>
    <ClCompile Include="AlarmmachineDlg.cpp">
      <Filter>gui\dialog</Filter>
    </ClCompile>
    <ClCompile Include="AlarmTextDlg.cpp">
      <Filter>gui\dialog</Filter>
    </ClCompile>
    <ClCompile Include="ButtonEx.cpp">
      <Filter>gui\dialog</Filter>
    </ClCompile>
    <ClCompile Include="Detector.cpp">
      <Filter>gui\dialog</Filter>
    </ClCompile>
    <ClCompile Include="EditZoneDlg.cpp">
      <Filter>gui\dialog</Filter>
    </ClCompile>
    <ClCompile Include="InputDlg.cpp">
      <Filter>gui\dialog</Filter>
    </ClCompile>
    <ClCompile Include="InputGroupNameDlg.cpp">
      <Filter>gui\dialog</Filter>
    </ClCompile>
    <ClCompile Include="LoginDlg.cpp">
      <Filter>gui\dialog</Filter>
    </ClCompile>
    <ClCompile Include="MachineManagerDlg.cpp">
      <Filter>gui\dialog</Filter>
    </ClCompile>
    <ClCompile Include="MapView.cpp">
      <Filter>gui\dialog</Filter>
    </ClCompile>
    <ClCompile Include="QrcodeViewerDlg.cpp">
      <Filter>gui\dialog</Filter>
    </ClCompile>
    <ClCompile Include="SetupNetworkDlg.cpp">
      <Filter>gui\dialog</Filter>
    </ClCompile>
    <ClCompile Include="UserManagerDlg.cpp">
      <Filter>gui\dialog</Filter>
    </ClCompile>
    <ClCompile Include="AntLine.cpp">
      <Filter>gui\control</Filter>
    </ClCompile>
    <ClCompile Include="DesktopTextDrawer.cpp">
      <Filter>gui\control</Filter>
    </ClCompile>
    <ClCompile Include="ListBoxST.cpp">
      <Filter>gui\control</Filter>
    </ClCompile>
    <ClCompile Include="ListBoxEx.cpp">
      <Filter>gui\control</Filter>
    </ClCompile>
    <ClCompile Include="AddZoneDlg.cpp">
      <Filter>gui\dialog</Filter>
    </ClCompile>
    <ClCompile Include="ChooseDetDlg.cpp">
      <Filter>gui\dialog</Filter>
    </ClCompile>
    <ClCompile Include="DetectorBindWizardChooseDetPage.cpp">
      <Filter>gui\dialog</Filter>
    </ClCompile>
    <ClCompile Include="DetectorBindWizardChooseMapPage.cpp">
      <Filter>gui\dialog</Filter>
    </ClCompile>
    <ClCompile Include="DetectorBindWizardChooseZonePage.cpp">
      <Filter>gui\dialog</Filter>
    </ClCompile>
    <ClCompile Include="DetectorBindWizrd.cpp">
      <Filter>gui\dialog</Filter>
    </ClCompile>
    <ClCompile Include="EditDetectorDlg.cpp">
      <Filter>gui\dialog</Filter>
    </ClCompile>
    <ClCompile Include="EditMapDlg.cpp">
      <Filter>gui\dialog</Filter>
    </ClCompile>
    <ClCompile Include="ToolTipButton.cpp">
      <Filter>gui\control</Filter>
    </ClCompile>
    <ClCompile Include="SoundPlayer.cpp">
      <Filter>core</Filter>
    </ClCompile>
    <ClCompile Include="mdump.cpp">
      <Filter>util</Filter>
    </ClCompile>
    <ClCompile Include="baidu.cpp">
      <Filter>web\baidu</Filter>
    </ClCompile>
    <ClCompile Include="CsrInfo.cpp">
      <Filter>core</Filter>
    </ClCompile>
    <ClCompile Include="AutoQueryDisconnectSubmachineDlg.cpp">
      <Filter>gui\dialog</Filter>
    </ClCompile>
    <ClCompile Include="BaiduMapDlg.cpp">
      <Filter>gui\dialog</Filter>
    </ClCompile>
    <ClCompile Include="ChooseMachineDlg.cpp">
      <Filter>gui\dialog</Filter>
    </ClCompile>
    <ClCompile Include="DestroyProgressDlg.cpp">
      <Filter>gui\dialog</Filter>
    </ClCompile>
    <ClCompile Include="ExtendExpireTimeDlg.cpp">
      <Filter>gui\dialog</Filter>
    </ClCompile>
    <ClCompile Include="HistoryRecordDlg.cpp">
      <Filter>gui\dialog</Filter>
    </ClCompile>
    <ClCompile Include="ProgressDlg.cpp">
      <Filter>gui\dialog</Filter>
    </ClCompile>
    <ClCompile Include="QueryAllSubmachineDlg.cpp">
      <Filter>gui\dialog</Filter>
    </ClCompile>
    <ClCompile Include="RemindQueryDlg.cpp">
      <Filter>gui\dialog</Filter>
    </ClCompile>
    <ClCompile Include="RestoreMachineDlg.cpp">
      <Filter>gui\dialog</Filter>
    </ClCompile>
    <ClCompile Include="RetrieveProgressDlg.cpp">
      <Filter>gui\dialog</Filter>
    </ClCompile>
    <ClCompile Include="PickMachineCoordinateDlg.cpp" />
    <ClCompile Include="VideoContainerDlg.cpp" />
    <ClCompile Include="VideoInfo.cpp" />
    <ClCompile Include="SubMachineExpireManagerDlg.cpp" />
    <ClCompile Include="AutoRetrieveZoneInfoDlg.cpp" />
    <ClCompile Include="AutoSerialPort.cpp" />
    <ClCompile Include="GenericBuffer.cpp" />
    <ClCompile Include="SerialPort.cpp" />
    <ClCompile Include="Gsm.cpp" />
  </ItemGroup>
  <ItemGroup>
    <ClInclude Include="AlarmCenter.h" />
    <ClInclude Include="stdafx.h" />
    <ClInclude Include="targetver.h" />
    <ClInclude Include="ado2.h">
      <Filter>ado</Filter>
    </ClInclude>
    <ClInclude Include="AlarmMachine.h">
      <Filter>core</Filter>
    </ClInclude>
    <ClInclude Include="MapInfo.h">
      <Filter>core</Filter>
    </ClInclude>
    <ClInclude Include="AlarmMachineManager.h">
      <Filter>core</Filter>
    </ClInclude>
    <ClInclude Include="Client.h">
      <Filter>net</Filter>
    </ClInclude>
    <ClInclude Include="Server.h">
      <Filter>net</Filter>
    </ClInclude>
    <ClInclude Include="ServerService.h">
      <Filter>net</Filter>
    </ClInclude>
    <ClInclude Include="NetworkConnector.h">
      <Filter>net</Filter>
    </ClInclude>
    <ClInclude Include="imagin\Timer.h">
      <Filter>imagin</Filter>
    </ClInclude>
    <ClInclude Include="VersionNo.h">
      <Filter>Resource files</Filter>
    </ClInclude>
    <ClInclude Include="AlarmMachineContainer.h">
      <Filter>core</Filter>
    </ClInclude>
    <ClInclude Include="DetectorInfo.h">
      <Filter>core</Filter>
    </ClInclude>
    <ClInclude Include="DetectorLib.h">
      <Filter>core</Filter>
    </ClInclude>
    <ClInclude Include="HistoryRecord.h">
      <Filter>core</Filter>
    </ClInclude>
    <ClInclude Include="ZoneInfo.h">
      <Filter>core</Filter>
    </ClInclude>
    <ClInclude Include="ademco_func.h">
      <Filter>ademco</Filter>
    </ClInclude>
    <ClInclude Include="BmpEx.h">
      <Filter>gui\control</Filter>
    </ClInclude>
    <ClInclude Include="BtnST.h">
      <Filter>gui\control</Filter>
    </ClInclude>
    <ClInclude Include="DIB.H">
      <Filter>gui\control</Filter>
    </ClInclude>
    <ClInclude Include="ScrollHelper.h">
      <Filter>gui\control</Filter>
    </ClInclude>
    <ClInclude Include="StaticBmp.h">
      <Filter>gui\control</Filter>
    </ClInclude>
    <ClInclude Include="StaticEx.h">
      <Filter>gui\control</Filter>
    </ClInclude>
    <ClInclude Include="tinyxml\tinystr.h">
      <Filter>tinyxml</Filter>
    </ClInclude>
    <ClInclude Include="tinyxml\tinyxml.h">
      <Filter>tinyxml</Filter>
    </ClInclude>
    <ClInclude Include="MFCButtonEx.h">
      <Filter>gui\control</Filter>
    </ClInclude>
    <ClInclude Include="Resource.h">
      <Filter>Resource files</Filter>
    </ClInclude>
    <ClInclude Include="Coordinate.h">
      <Filter>gui\control</Filter>
    </ClInclude>
    <ClInclude Include="aarot.hpp">
      <Filter>gui\control</Filter>
    </ClInclude>
    <ClInclude Include="ademco_event.h">
      <Filter>ademco</Filter>
    </ClInclude>
    <ClInclude Include="AppResource.h" />
    <ClInclude Include="ConfigHelper.h">
      <Filter>util</Filter>
    </ClInclude>
    <ClInclude Include="md5.h">
      <Filter>util</Filter>
    </ClInclude>
    <ClInclude Include="QrCode.h">
      <Filter>util</Filter>
    </ClInclude>
    <ClInclude Include="UserInfo.h">
      <Filter>core</Filter>
    </ClInclude>
    <ClInclude Include="GroupInfo.h">
      <Filter>core</Filter>
    </ClInclude>
    <ClInclude Include="AddMachineDlg.h">
      <Filter>gui\dialog</Filter>
    </ClInclude>
    <ClInclude Include="AlarmCenterDlg.h">
      <Filter>gui\dialog</Filter>
    </ClInclude>
    <ClInclude Include="AlarmmachineDlg.h">
      <Filter>gui\dialog</Filter>
    </ClInclude>
    <ClInclude Include="AlarmTextDlg.h">
      <Filter>gui\dialog</Filter>
    </ClInclude>
    <ClInclude Include="ButtonEx.h">
      <Filter>gui\dialog</Filter>
    </ClInclude>
    <ClInclude Include="Detector.h">
      <Filter>gui\dialog</Filter>
    </ClInclude>
    <ClInclude Include="EditZoneDlg.h">
      <Filter>gui\dialog</Filter>
    </ClInclude>
    <ClInclude Include="InputDlg.h">
      <Filter>gui\dialog</Filter>
    </ClInclude>
    <ClInclude Include="InputGroupNameDlg.h">
      <Filter>gui\dialog</Filter>
    </ClInclude>
    <ClInclude Include="LoginDlg.h">
      <Filter>gui\dialog</Filter>
    </ClInclude>
    <ClInclude Include="MachineManagerDlg.h">
      <Filter>gui\dialog</Filter>
    </ClInclude>
    <ClInclude Include="MapView.h">
      <Filter>gui\dialog</Filter>
    </ClInclude>
    <ClInclude Include="QrcodeViewerDlg.h">
      <Filter>gui\dialog</Filter>
    </ClInclude>
    <ClInclude Include="SetupNetworkDlg.h">
      <Filter>gui\dialog</Filter>
    </ClInclude>
    <ClInclude Include="UserManagerDlg.h">
      <Filter>gui\dialog</Filter>
    </ClInclude>
    <ClInclude Include="AntLine.h">
      <Filter>gui\control</Filter>
    </ClInclude>
    <ClInclude Include="DesktopTextDrawer.h">
      <Filter>gui\control</Filter>
    </ClInclude>
    <ClInclude Include="ListBoxST.h">
      <Filter>gui\control</Filter>
    </ClInclude>
    <ClInclude Include="ListBoxEx.h">
      <Filter>gui\control</Filter>
    </ClInclude>
    <ClInclude Include="AddZoneDlg.h">
      <Filter>gui\dialog</Filter>
    </ClInclude>
    <ClInclude Include="ChooseDetDlg.h">
      <Filter>gui\dialog</Filter>
    </ClInclude>
    <ClInclude Include="DetectorBindWizardChooseDetPage.h">
      <Filter>gui\dialog</Filter>
    </ClInclude>
    <ClInclude Include="DetectorBindWizardChooseMapPage.h">
      <Filter>gui\dialog</Filter>
    </ClInclude>
    <ClInclude Include="DetectorBindWizardChooseZonePage.h">
      <Filter>gui\dialog</Filter>
    </ClInclude>
    <ClInclude Include="DetectorBindWizrd.h">
      <Filter>gui\dialog</Filter>
    </ClInclude>
    <ClInclude Include="EditDetectorDlg.h">
      <Filter>gui\dialog</Filter>
    </ClInclude>
    <ClInclude Include="EditMapDlg.h">
      <Filter>gui\dialog</Filter>
    </ClInclude>
    <ClInclude Include="ToolTipButton.h">
      <Filter>gui\control</Filter>
    </ClInclude>
    <ClInclude Include="SoundPlayer.h">
      <Filter>core</Filter>
    </ClInclude>
    <ClInclude Include="core.h">
      <Filter>core</Filter>
    </ClInclude>
    <ClInclude Include="mdump.h">
      <Filter>util</Filter>
    </ClInclude>
    <ClInclude Include="baidu.h">
      <Filter>web\baidu</Filter>
    </ClInclude>
    <ClInclude Include="CsrInfo.h">
      <Filter>core</Filter>
    </ClInclude>
    <ClInclude Include="AutoQueryDisconnectSubmachineDlg.h">
      <Filter>gui\dialog</Filter>
    </ClInclude>
    <ClInclude Include="BaiduMapDlg.h">
      <Filter>gui\dialog</Filter>
    </ClInclude>
    <ClInclude Include="ChooseMachineDlg.h">
      <Filter>gui\dialog</Filter>
    </ClInclude>
    <ClInclude Include="DestroyProgressDlg.h">
      <Filter>gui\dialog</Filter>
    </ClInclude>
    <ClInclude Include="ExtendExpireTimeDlg.h">
      <Filter>gui\dialog</Filter>
    </ClInclude>
    <ClInclude Include="HistoryRecordDlg.h">
      <Filter>gui\dialog</Filter>
    </ClInclude>
    <ClInclude Include="ProgressDlg.h">
      <Filter>gui\dialog</Filter>
    </ClInclude>
    <ClInclude Include="QueryAllSubmachineDlg.h">
      <Filter>gui\dialog</Filter>
    </ClInclude>
    <ClInclude Include="RemindQueryDlg.h">
      <Filter>gui\dialog</Filter>
    </ClInclude>
    <ClInclude Include="RestoreMachineDlg.h">
      <Filter>gui\dialog</Filter>
    </ClInclude>
    <ClInclude Include="RetrieveProgressDlg.h">
      <Filter>gui\dialog</Filter>
    </ClInclude>
    <ClInclude Include="PickMachineCoordinateDlg.h" />
    <ClInclude Include="VideoContainerDlg.h" />
    <ClInclude Include="VideoInfo.h" />
    <ClInclude Include="SubMachineExpireManagerDlg.h" />
    <ClInclude Include="AutoRetrieveZoneInfoDlg.h" />
    <ClInclude Include="AutoSerialPort.h" />
    <ClInclude Include="GenericBuffer.h" />
    <ClInclude Include="SerialPort.h" />
    <ClInclude Include="Gsm.h" />
  </ItemGroup>
  <ItemGroup>
    <Image Include="res\AlarmCenter.ico">
      <Filter>Resource files</Filter>
    </Image>
    <Image Include="res\bitmap_n.bmp">
      <Filter>Resource files</Filter>
    </Image>
    <Image Include="res\Network.bmp">
      <Filter>Resource files</Filter>
    </Image>
    <Image Include="res\Network.png">
      <Filter>Resource files</Filter>
    </Image>
    <Image Include="res\ico00001.ico">
      <Filter>Resource files</Filter>
    </Image>
    <Image Include="res\icon_arm.ico">
      <Filter>Resource files</Filter>
    </Image>
    <Image Include="res\icon_dis.ico">
      <Filter>Resource files</Filter>
    </Image>
    <Image Include="res\icon_net.ico">
      <Filter>Resource files</Filter>
    </Image>
    <Image Include="res\icon1.ico">
      <Filter>Resource files</Filter>
    </Image>
    <Image Include="res\icon2.ico">
      <Filter>Resource files</Filter>
    </Image>
    <Image Include="res\bbb.bmp">
      <Filter>Resource files</Filter>
    </Image>
    <Image Include="res\btn.bmp">
      <Filter>Resource files</Filter>
    </Image>
    <Image Include="res\history.ico">
      <Filter>Resource files</Filter>
    </Image>
    <Image Include="..\..\AlarmCenterNet\AlarmCenter\res\history.ico">
      <Filter>Resource files</Filter>
    </Image>
  </ItemGroup>
  <ItemGroup>
    <Filter Include="Resource files">
      <UniqueIdentifier>{17140d10-d359-44cc-b07b-4967c61e4e2d}</UniqueIdentifier>
    </Filter>
    <Filter Include="ado">
      <UniqueIdentifier>{1ea139a2-de12-4add-a85f-7610347fd8b0}</UniqueIdentifier>
    </Filter>
    <Filter Include="core">
      <UniqueIdentifier>{8288efbb-0961-40e4-a7be-ca5a0a785d87}</UniqueIdentifier>
    </Filter>
    <Filter Include="gui">
      <UniqueIdentifier>{f249438f-64bf-4cf6-86f8-4cf28dda839b}</UniqueIdentifier>
    </Filter>
    <Filter Include="net">
      <UniqueIdentifier>{20b7d0d2-9320-4831-8d3b-724693b2e36c}</UniqueIdentifier>
    </Filter>
    <Filter Include="imagin">
      <UniqueIdentifier>{11d6088c-be26-4c89-b1e6-b3e67e06f2b9}</UniqueIdentifier>
    </Filter>
    <Filter Include="ademco">
      <UniqueIdentifier>{9a3724df-4b82-410b-b8ee-1f8fd3e1b899}</UniqueIdentifier>
    </Filter>
    <Filter Include="gui\control">
      <UniqueIdentifier>{92607b1c-7a27-4054-9039-efe32bad672c}</UniqueIdentifier>
    </Filter>
    <Filter Include="tinyxml">
      <UniqueIdentifier>{75a09698-f073-4190-ae8e-935156fb5f11}</UniqueIdentifier>
    </Filter>
    <Filter Include="util">
      <UniqueIdentifier>{5e17dbf3-0461-46d9-8817-d66fa94db1da}</UniqueIdentifier>
    </Filter>
    <Filter Include="gui\dialog">
      <UniqueIdentifier>{ce2b55b7-364e-404d-9a85-0645b9507ac9}</UniqueIdentifier>
    </Filter>
    <Filter Include="web">
      <UniqueIdentifier>{1c73adbb-66ce-4d5e-82a0-d93ddefa8e36}</UniqueIdentifier>
    </Filter>
    <Filter Include="web\baidu">
      <UniqueIdentifier>{6356e8f6-6135-4704-8b48-bdb9482cf2c9}</UniqueIdentifier>
    </Filter>
  </ItemGroup>
  <ItemGroup>
    <ResourceCompile Include="AlarmCenter.rc">
      <Filter>Resource files</Filter>
    </ResourceCompile>
  </ItemGroup>
  <ItemGroup>
    <None Include="res\AlarmCenter.rc2">
      <Filter>Resource files</Filter>
    </None>
    <None Include="BaiduMapDlg.htm">
      <Filter>gui\dialog</Filter>
    </None>
  </ItemGroup>
  <ItemGroup>
    <Text Include="ReadMe.txt">
      <Filter>Resource files</Filter>
    </Text>
  </ItemGroup>
</Project>